
Microsoft Visual Studio Solution File, Format Version 12.00
# Visual Studio Version 16
VisualStudioVersion = 16.0.30114.105
MinimumVisualStudioVersion = 10.0.40219.1
Project("{FAE04EC0-301F-11D3-BF4B-00C04F79EFBC}") = "Jhr.Azdo.Demo.DotNetCore.App", "Jhr.Azdo.Demo.DotNetCore.App\Jhr.Azdo.Demo.DotNetCore.App.csproj", "{1AA4A7AC-CBEA-498D-8340-6D00E85BAA39}"
EndProject
Project("{151D2E53-A2C4-4D7D-83FE-D05416EBD58E}") = "Jhr.Azdo.Demo.DotNetCore.Env", "..\..\env\Jhr.Azdo.Demo.DotNetCore.Env\Jhr.Azdo.Demo.DotNetCore.Env.deployproj", "{2670F2B7-193D-4A15-8E29-EF8DCBEBBAA2}"
EndProject
Global
	GlobalSection(SolutionConfigurationPlatforms) = preSolution
		Debug|Any CPU = Debug|Any CPU
		Release|Any CPU = Release|Any CPU
	EndGlobalSection
	GlobalSection(ProjectConfigurationPlatforms) = postSolution
		{1AA4A7AC-CBEA-498D-8340-6D00E85BAA39}.Debug|Any CPU.ActiveCfg = Debug|Any CPU
		{1AA4A7AC-CBEA-498D-8340-6D00E85BAA39}.Debug|Any CPU.Build.0 = Debug|Any CPU
		{1AA4A7AC-CBEA-498D-8340-6D00E85BAA39}.Release|Any CPU.ActiveCfg = Release|Any CPU
		{1AA4A7AC-CBEA-498D-8340-6D00E85BAA39}.Release|Any CPU.Build.0 = Release|Any CPU
		{2670F2B7-193D-4A15-8E29-EF8DCBEBBAA2}.Debug|Any CPU.ActiveCfg = Debug|Any CPU
		{2670F2B7-193D-4A15-8E29-EF8DCBEBBAA2}.Debug|Any CPU.Build.0 = Debug|Any CPU
		{2670F2B7-193D-4A15-8E29-EF8DCBEBBAA2}.Release|Any CPU.ActiveCfg = Release|Any CPU
		{2670F2B7-193D-4A15-8E29-EF8DCBEBBAA2}.Release|Any CPU.Build.0 = Release|Any CPU
	EndGlobalSection
	GlobalSection(SolutionProperties) = preSolution
		HideSolutionNode = FALSE
	EndGlobalSection
	GlobalSection(ExtensibilityGlobals) = postSolution
		SolutionGuid = {6A2802B0-A8F3-4A2C-BEE4-2C4B108326F9}
	EndGlobalSection
EndGlobal
